
Microsoft Visual Studio Solution File, Format Version 12.00
# Visual Studio Version 17
VisualStudioVersion = 17.10.34928.147
MinimumVisualStudioVersion = 10.0.40219.1
Project("{FAE04EC0-301F-11D3-BF4B-00C04F79EFBC}") = "projTableaux", "projTableaux\projTableaux.csproj", "{679FA9EB-F787-4EE2-97B0-999133180385}"
EndProject
Global
	GlobalSection(SolutionConfigurationPlatforms) = preSolution
		Debug|Any CPU = Debug|Any CPU
		Release|Any CPU = Release|Any CPU
	EndGlobalSection
	GlobalSection(ProjectConfigurationPlatforms) = postSolution
		{679FA9EB-F787-4EE2-97B0-999133180385}.Debug|Any CPU.ActiveCfg = Debug|Any CPU
		{679FA9EB-F787-4EE2-97B0-999133180385}.Debug|Any CPU.Build.0 = Debug|Any CPU
		{679FA9EB-F787-4EE2-97B0-999133180385}.Release|Any CPU.ActiveCfg = Release|Any CPU
		{679FA9EB-F787-4EE2-97B0-999133180385}.Release|Any CPU.Build.0 = Release|Any CPU
	EndGlobalSection
	GlobalSection(SolutionProperties) = preSolution
		HideSolutionNode = FALSE
	EndGlobalSection
	GlobalSection(ExtensibilityGlobals) = postSolution
		SolutionGuid = {331EBE9D-EDCE-4092-B02B-09BE4977FEEB}
	EndGlobalSection
EndGlobal
